
Microsoft Visual Studio Solution File, Format Version 12.00
# Visual Studio Version 17
VisualStudioVersion = 17.5.33424.131
MinimumVisualStudioVersion = 10.0.40219.1
Project("{8BC9CEB8-8B4A-11D0-8D11-00A0C91BC942}") = "20230422_3", "20230422_3\20230422_3.vcxproj", "{AB41C7F4-E940-4A39-A301-19171853BEC3}"
EndProject
Global
	GlobalSection(SolutionConfigurationPlatforms) = preSolution
		Debug|x64 = Debug|x64
		Debug|x86 = Debug|x86
		Release|x64 = Release|x64
		Release|x86 = Release|x86
	EndGlobalSection
	GlobalSection(ProjectConfigurationPlatforms) = postSolution
		{AB41C7F4-E940-4A39-A301-19171853BEC3}.Debug|x64.ActiveCfg = Debug|x64
		{AB41C7F4-E940-4A39-A301-19171853BEC3}.Debug|x64.Build.0 = Debug|x64
		{AB41C7F4-E940-4A39-A301-19171853BEC3}.Debug|x86.ActiveCfg = Debug|Win32
		{AB41C7F4-E940-4A39-A301-19171853BEC3}.Debug|x86.Build.0 = Debug|Win32
		{AB41C7F4-E940-4A39-A301-19171853BEC3}.Release|x64.ActiveCfg = Release|x64
		{AB41C7F4-E940-4A39-A301-19171853BEC3}.Release|x64.Build.0 = Release|x64
		{AB41C7F4-E940-4A39-A301-19171853BEC3}.Release|x86.ActiveCfg = Release|Win32
		{AB41C7F4-E940-4A39-A301-19171853BEC3}.Release|x86.Build.0 = Release|Win32
	EndGlobalSection
	GlobalSection(SolutionProperties) = preSolution
		HideSolutionNode = FALSE
	EndGlobalSection
	GlobalSection(ExtensibilityGlobals) = postSolution
		SolutionGuid = {40C1BEB6-7B27-458E-82B5-383A38CF9F0A}
	EndGlobalSection
EndGlobal
