
Microsoft Visual Studio Solution File, Format Version 12.00
# Visual Studio Version 17
VisualStudioVersion = 17.5.33414.496
MinimumVisualStudioVersion = 10.0.40219.1
Project("{8BC9CEB8-8B4A-11D0-8D11-00A0C91BC942}") = "Sort_2", "Sort_2\Sort_2.vcxproj", "{73CC5186-6253-4276-8B74-0FF8751D72CA}"
EndProject
Global
	GlobalSection(SolutionConfigurationPlatforms) = preSolution
		Debug|x64 = Debug|x64
		Debug|x86 = Debug|x86
		Release|x64 = Release|x64
		Release|x86 = Release|x86
	EndGlobalSection
	GlobalSection(ProjectConfigurationPlatforms) = postSolution
		{73CC5186-6253-4276-8B74-0FF8751D72CA}.Debug|x64.ActiveCfg = Debug|x64
		{73CC5186-6253-4276-8B74-0FF8751D72CA}.Debug|x64.Build.0 = Debug|x64
		{73CC5186-6253-4276-8B74-0FF8751D72CA}.Debug|x86.ActiveCfg = Debug|Win32
		{73CC5186-6253-4276-8B74-0FF8751D72CA}.Debug|x86.Build.0 = Debug|Win32
		{73CC5186-6253-4276-8B74-0FF8751D72CA}.Release|x64.ActiveCfg = Release|x64
		{73CC5186-6253-4276-8B74-0FF8751D72CA}.Release|x64.Build.0 = Release|x64
		{73CC5186-6253-4276-8B74-0FF8751D72CA}.Release|x86.ActiveCfg = Release|Win32
		{73CC5186-6253-4276-8B74-0FF8751D72CA}.Release|x86.Build.0 = Release|Win32
	EndGlobalSection
	GlobalSection(SolutionProperties) = preSolution
		HideSolutionNode = FALSE
	EndGlobalSection
	GlobalSection(ExtensibilityGlobals) = postSolution
		SolutionGuid = {3C4CD034-8941-4513-893C-677349EB3F0B}
	EndGlobalSection
EndGlobal
