
Microsoft Visual Studio Solution File, Format Version 12.00
# Visual Studio Version 17
VisualStudioVersion = 17.4.33213.308
MinimumVisualStudioVersion = 10.0.40219.1
Project("{8BC9CEB8-8B4A-11D0-8D11-00A0C91BC942}") = "20230308_9", "20230308_9\20230308_9.vcxproj", "{4604DF37-BE56-40F9-9582-FA99E1D91DE7}"
EndProject
Global
	GlobalSection(SolutionConfigurationPlatforms) = preSolution
		Debug|x64 = Debug|x64
		Debug|x86 = Debug|x86
		Release|x64 = Release|x64
		Release|x86 = Release|x86
	EndGlobalSection
	GlobalSection(ProjectConfigurationPlatforms) = postSolution
		{4604DF37-BE56-40F9-9582-FA99E1D91DE7}.Debug|x64.ActiveCfg = Debug|x64
		{4604DF37-BE56-40F9-9582-FA99E1D91DE7}.Debug|x64.Build.0 = Debug|x64
		{4604DF37-BE56-40F9-9582-FA99E1D91DE7}.Debug|x86.ActiveCfg = Debug|Win32
		{4604DF37-BE56-40F9-9582-FA99E1D91DE7}.Debug|x86.Build.0 = Debug|Win32
		{4604DF37-BE56-40F9-9582-FA99E1D91DE7}.Release|x64.ActiveCfg = Release|x64
		{4604DF37-BE56-40F9-9582-FA99E1D91DE7}.Release|x64.Build.0 = Release|x64
		{4604DF37-BE56-40F9-9582-FA99E1D91DE7}.Release|x86.ActiveCfg = Release|Win32
		{4604DF37-BE56-40F9-9582-FA99E1D91DE7}.Release|x86.Build.0 = Release|Win32
	EndGlobalSection
	GlobalSection(SolutionProperties) = preSolution
		HideSolutionNode = FALSE
	EndGlobalSection
	GlobalSection(ExtensibilityGlobals) = postSolution
		SolutionGuid = {D74CBD83-A279-4E55-9C5E-105F509FA90D}
	EndGlobalSection
EndGlobal
