
Microsoft Visual Studio Solution File, Format Version 12.00
# Visual Studio Version 17
VisualStudioVersion = 17.5.33424.131
MinimumVisualStudioVersion = 10.0.40219.1
Project("{8BC9CEB8-8B4A-11D0-8D11-00A0C91BC942}") = "Physics_Trainer_Chap2 ver3", "Physics_Trainer_Chap2 ver3\Physics_Trainer_Chap2 ver3.vcxproj", "{28959961-4970-4DEB-A356-D88E49E1A851}"
EndProject
Global
	GlobalSection(SolutionConfigurationPlatforms) = preSolution
		Debug|x64 = Debug|x64
		Debug|x86 = Debug|x86
		Release|x64 = Release|x64
		Release|x86 = Release|x86
	EndGlobalSection
	GlobalSection(ProjectConfigurationPlatforms) = postSolution
		{28959961-4970-4DEB-A356-D88E49E1A851}.Debug|x64.ActiveCfg = Debug|x64
		{28959961-4970-4DEB-A356-D88E49E1A851}.Debug|x64.Build.0 = Debug|x64
		{28959961-4970-4DEB-A356-D88E49E1A851}.Debug|x86.ActiveCfg = Debug|Win32
		{28959961-4970-4DEB-A356-D88E49E1A851}.Debug|x86.Build.0 = Debug|Win32
		{28959961-4970-4DEB-A356-D88E49E1A851}.Release|x64.ActiveCfg = Release|x64
		{28959961-4970-4DEB-A356-D88E49E1A851}.Release|x64.Build.0 = Release|x64
		{28959961-4970-4DEB-A356-D88E49E1A851}.Release|x86.ActiveCfg = Release|Win32
		{28959961-4970-4DEB-A356-D88E49E1A851}.Release|x86.Build.0 = Release|Win32
	EndGlobalSection
	GlobalSection(SolutionProperties) = preSolution
		HideSolutionNode = FALSE
	EndGlobalSection
	GlobalSection(ExtensibilityGlobals) = postSolution
		SolutionGuid = {45864F4C-C091-4AD2-9683-FA23EB902606}
	EndGlobalSection
EndGlobal
