
Microsoft Visual Studio Solution File, Format Version 12.00
# Visual Studio Version 17
VisualStudioVersion = 17.8.34330.188
MinimumVisualStudioVersion = 10.0.40219.1
Project("{8BC9CEB8-8B4A-11D0-8D11-00A0C91BC942}") = "COSPro2_4", "COSPro2_4\COSPro2_4.vcxproj", "{05A2372C-0431-4CE2-B48A-C6A7CB3DA20A}"
EndProject
Global
	GlobalSection(SolutionConfigurationPlatforms) = preSolution
		Debug|x64 = Debug|x64
		Debug|x86 = Debug|x86
		Release|x64 = Release|x64
		Release|x86 = Release|x86
	EndGlobalSection
	GlobalSection(ProjectConfigurationPlatforms) = postSolution
		{05A2372C-0431-4CE2-B48A-C6A7CB3DA20A}.Debug|x64.ActiveCfg = Debug|x64
		{05A2372C-0431-4CE2-B48A-C6A7CB3DA20A}.Debug|x64.Build.0 = Debug|x64
		{05A2372C-0431-4CE2-B48A-C6A7CB3DA20A}.Debug|x86.ActiveCfg = Debug|Win32
		{05A2372C-0431-4CE2-B48A-C6A7CB3DA20A}.Debug|x86.Build.0 = Debug|Win32
		{05A2372C-0431-4CE2-B48A-C6A7CB3DA20A}.Release|x64.ActiveCfg = Release|x64
		{05A2372C-0431-4CE2-B48A-C6A7CB3DA20A}.Release|x64.Build.0 = Release|x64
		{05A2372C-0431-4CE2-B48A-C6A7CB3DA20A}.Release|x86.ActiveCfg = Release|Win32
		{05A2372C-0431-4CE2-B48A-C6A7CB3DA20A}.Release|x86.Build.0 = Release|Win32
	EndGlobalSection
	GlobalSection(SolutionProperties) = preSolution
		HideSolutionNode = FALSE
	EndGlobalSection
	GlobalSection(ExtensibilityGlobals) = postSolution
		SolutionGuid = {611E48C6-1098-412C-93D9-C81DB970FD99}
	EndGlobalSection
EndGlobal
