
Microsoft Visual Studio Solution File, Format Version 12.00
# Visual Studio Version 17
VisualStudioVersion = 17.5.33414.496
MinimumVisualStudioVersion = 10.0.40219.1
Project("{8BC9CEB8-8B4A-11D0-8D11-00A0C91BC942}") = "20230904_11", "20230904_11\20230904_11.vcxproj", "{9E2A73F2-5E98-4D5C-B2E3-AB903C6F3F68}"
EndProject
Global
	GlobalSection(SolutionConfigurationPlatforms) = preSolution
		Debug|x64 = Debug|x64
		Debug|x86 = Debug|x86
		Release|x64 = Release|x64
		Release|x86 = Release|x86
	EndGlobalSection
	GlobalSection(ProjectConfigurationPlatforms) = postSolution
		{9E2A73F2-5E98-4D5C-B2E3-AB903C6F3F68}.Debug|x64.ActiveCfg = Debug|x64
		{9E2A73F2-5E98-4D5C-B2E3-AB903C6F3F68}.Debug|x64.Build.0 = Debug|x64
		{9E2A73F2-5E98-4D5C-B2E3-AB903C6F3F68}.Debug|x86.ActiveCfg = Debug|Win32
		{9E2A73F2-5E98-4D5C-B2E3-AB903C6F3F68}.Debug|x86.Build.0 = Debug|Win32
		{9E2A73F2-5E98-4D5C-B2E3-AB903C6F3F68}.Release|x64.ActiveCfg = Release|x64
		{9E2A73F2-5E98-4D5C-B2E3-AB903C6F3F68}.Release|x64.Build.0 = Release|x64
		{9E2A73F2-5E98-4D5C-B2E3-AB903C6F3F68}.Release|x86.ActiveCfg = Release|Win32
		{9E2A73F2-5E98-4D5C-B2E3-AB903C6F3F68}.Release|x86.Build.0 = Release|Win32
	EndGlobalSection
	GlobalSection(SolutionProperties) = preSolution
		HideSolutionNode = FALSE
	EndGlobalSection
	GlobalSection(ExtensibilityGlobals) = postSolution
		SolutionGuid = {4B67CF01-116C-44C8-A60E-AD9540026754}
	EndGlobalSection
EndGlobal
